
Microsoft Visual Studio Solution File, Format Version 12.00
# Visual Studio Version 16
VisualStudioVersion = 16.0.30225.117
MinimumVisualStudioVersion = 10.0.40219.1
Project("{9A19103F-16F7-4668-BE54-9A1E7A4F7556}") = "PersonApi", "PersonApi\PersonApi.csproj", "{C92E5313-EF92-42A3-9682-29C628911841}"
EndProject
Project("{FAE04EC0-301F-11D3-BF4B-00C04F79EFBC}") = "XUnitTestPersonApi", "XUnitTestPersonApi\XUnitTestPersonApi.csproj", "{41F1F81C-5F5E-4C6A-B9FC-B240449A9CE2}"
EndProject
Global
	GlobalSection(SolutionConfigurationPlatforms) = preSolution
		Debug|Any CPU = Debug|Any CPU
		Release|Any CPU = Release|Any CPU
	EndGlobalSection
	GlobalSection(ProjectConfigurationPlatforms) = postSolution
		{C92E5313-EF92-42A3-9682-29C628911841}.Debug|Any CPU.ActiveCfg = Debug|Any CPU
		{C92E5313-EF92-42A3-9682-29C628911841}.Debug|Any CPU.Build.0 = Debug|Any CPU
		{C92E5313-EF92-42A3-9682-29C628911841}.Release|Any CPU.ActiveCfg = Release|Any CPU
		{C92E5313-EF92-42A3-9682-29C628911841}.Release|Any CPU.Build.0 = Release|Any CPU
		{41F1F81C-5F5E-4C6A-B9FC-B240449A9CE2}.Debug|Any CPU.ActiveCfg = Debug|Any CPU
		{41F1F81C-5F5E-4C6A-B9FC-B240449A9CE2}.Debug|Any CPU.Build.0 = Debug|Any CPU
		{41F1F81C-5F5E-4C6A-B9FC-B240449A9CE2}.Release|Any CPU.ActiveCfg = Release|Any CPU
		{41F1F81C-5F5E-4C6A-B9FC-B240449A9CE2}.Release|Any CPU.Build.0 = Release|Any CPU
	EndGlobalSection
	GlobalSection(SolutionProperties) = preSolution
		HideSolutionNode = FALSE
	EndGlobalSection
	GlobalSection(ExtensibilityGlobals) = postSolution
		SolutionGuid = {D9E3BED0-0C3E-4CB2-A4E5-62F2565C4F59}
	EndGlobalSection
EndGlobal
